
Microsoft Visual Studio Solution File, Format Version 12.00
# Visual Studio Version 16
VisualStudioVersion = 16.0.29905.134
MinimumVisualStudioVersion = 10.0.40219.1
Project("{FAE04EC0-301F-11D3-BF4B-00C04F79EFBC}") = "KütüphaneOtomasyonu", "KütüphaneOtomasyonu\KütüphaneOtomasyonu.csproj", "{3234559F-BF81-438F-BD8A-7469CF55740E}"
EndProject
Global
	GlobalSection(SolutionConfigurationPlatforms) = preSolution
		Debug|Any CPU = Debug|Any CPU
		Release|Any CPU = Release|Any CPU
	EndGlobalSection
	GlobalSection(ProjectConfigurationPlatforms) = postSolution
		{3234559F-BF81-438F-BD8A-7469CF55740E}.Debug|Any CPU.ActiveCfg = Debug|Any CPU
		{3234559F-BF81-438F-BD8A-7469CF55740E}.Debug|Any CPU.Build.0 = Debug|Any CPU
		{3234559F-BF81-438F-BD8A-7469CF55740E}.Release|Any CPU.ActiveCfg = Release|Any CPU
		{3234559F-BF81-438F-BD8A-7469CF55740E}.Release|Any CPU.Build.0 = Release|Any CPU
	EndGlobalSection
	GlobalSection(SolutionProperties) = preSolution
		HideSolutionNode = FALSE
	EndGlobalSection
	GlobalSection(ExtensibilityGlobals) = postSolution
		SolutionGuid = {4757DB25-BF3E-430A-9C86-2D5629A0AE98}
	EndGlobalSection
EndGlobal
